{
  "name": "SiteLawyer",
  "lockfileVersion": 3,
  "requires": true,
  "packages": {
    "": {
      "dependencies": {
        "embla-carousel": "^7.1.0"
      }
    },
    "node_modules/embla-carousel": {
      "version": "7.1.0",
      "resolved": "https://registry.npmjs.org/embla-carousel/-/embla-carousel-7.1.0.tgz",
      "integrity": "sha512-Bh8Pa8NWzgugLkf8sAGexQlBCNDFaej5BXiKgQdRJ1mUC9NWBrw9Z23YVPVGkguWoz5LMjZXXFVGCobl3UPt/Q=="
    }
  }
}
